
Microsoft Visual Studio Solution File, Format Version 12.00
# Visual Studio 14
VisualStudioVersion = 14.0.23107.0
MinimumVisualStudioVersion = 10.0.40219.1
Project("{FAE04EC0-301F-11D3-BF4B-00C04F79EFBC}") = "Gestion_Agences_Location", "Gestion_Agences_Location\Gestion_Agences_Location.csproj", "{B1213B40-94AE-4F87-A9AA-4A49A2CA5FCD}"
EndProject
Global
	GlobalSection(SolutionConfigurationPlatforms) = preSolution
		Debug|Any CPU = Debug|Any CPU
		Release|Any CPU = Release|Any CPU
	EndGlobalSection
	GlobalSection(ProjectConfigurationPlatforms) = postSolution
		{B1213B40-94AE-4F87-A9AA-4A49A2CA5FCD}.Debug|Any CPU.ActiveCfg = Debug|Any CPU
		{B1213B40-94AE-4F87-A9AA-4A49A2CA5FCD}.Debug|Any CPU.Build.0 = Debug|Any CPU
		{B1213B40-94AE-4F87-A9AA-4A49A2CA5FCD}.Release|Any CPU.ActiveCfg = Release|Any CPU
		{B1213B40-94AE-4F87-A9AA-4A49A2CA5FCD}.Release|Any CPU.Build.0 = Release|Any CPU
	EndGlobalSection
	GlobalSection(SolutionProperties) = preSolution
		HideSolutionNode = FALSE
	EndGlobalSection
EndGlobal
